{
  "name": "m3u-to-omp",
  "version": "1.0.0",
  "lockfileVersion": 1,
  "requires": true,
  "dependencies": {
    "fs": {
      "version": "0.0.1-security",
      "resolved": "https://registry.npmjs.org/fs/-/fs-0.0.1-security.tgz",
      "integrity": "sha1-invTcYa23d84E/I4WLV+yq9eQdQ="
    },
    "iptv-playlist-parser": {
      "version": "0.7.0",
      "resolved": "https://registry.npmjs.org/iptv-playlist-parser/-/iptv-playlist-parser-0.7.0.tgz",
      "integrity": "sha512-m9u2tl5harOx1KRe7/Q4udT5l+DbKpb/DsBnHtR/p5Jsh0I9B9c3HKe7Hjbe+8wmax55cEsYBYtbeT0fOJo+WQ=="
    },
    "process": {
      "version": "0.11.10",
      "resolved": "https://registry.npmjs.org/process/-/process-0.11.10.tgz",
      "integrity": "sha1-czIwDoQBYb2j5podHZGn1LwW8YI="
    }
  }
}
